// !$*UTF8*$!
{
	archiveVersion = 1;
	classes = {
	};
	objectVersion = 55;
	objects = {

/* Begin PBXBuildFile section */
		1108E26B2779BD2C004E0C19 /* RequestModel.swift in Sources */ = {isa = PBXBuildFile; fileRef = 1108E26A2779BD2C004E0C19 /* RequestModel.swift */; };
		11CD35A02778C5C9000FDE02 /* FieldViewController.swift in Sources */ = {isa = PBXBuildFile; fileRef = 11CD359E2778C5C9000FDE02 /* FieldViewController.swift */; };
		11CD35A12778C5C9000FDE02 /* FieldViewController.xib in Resources */ = {isa = PBXBuildFile; fileRef = 11CD359F2778C5C9000FDE02 /* FieldViewController.xib */; };
		11CD35A62778CBF9000FDE02 /* FieldViewModel.swift in Sources */ = {isa = PBXBuildFile; fileRef = 11CD35A52778CBF9000FDE02 /* FieldViewModel.swift */; };
		11CD35A92778CDF9000FDE02 /* UIViewController+.swift in Sources */ = {isa = PBXBuildFile; fileRef = 11CD35A82778CDF9000FDE02 /* UIViewController+.swift */; };
		11CD35B02778D3B4000FDE02 /* NumberTableViewCell.swift in Sources */ = {isa = PBXBuildFile; fileRef = 11CD35AE2778D3B4000FDE02 /* NumberTableViewCell.swift */; };
		11CD35B12778D3B4000FDE02 /* NumberTableViewCell.xib in Resources */ = {isa = PBXBuildFile; fileRef = 11CD35AF2778D3B4000FDE02 /* NumberTableViewCell.xib */; };
		11D61A062778B153002D989E /* AppDelegate.swift in Sources */ = {isa = PBXBuildFile; fileRef = 11D61A052778B153002D989E /* AppDelegate.swift */; };
		11D61A082778B153002D989E /* SceneDelegate.swift in Sources */ = {isa = PBXBuildFile; fileRef = 11D61A072778B153002D989E /* SceneDelegate.swift */; };
		11D61A0F2778B155002D989E /* Assets.xcassets in Resources */ = {isa = PBXBuildFile; fileRef = 11D61A0E2778B155002D989E /* Assets.xcassets */; };
		11D61A122778B155002D989E /* LaunchScreen.storyboard in Resources */ = {isa = PBXBuildFile; fileRef = 11D61A102778B155002D989E /* LaunchScreen.storyboard */; };
		11D61A1B2778BAC5002D989E /* HomeViewController.swift in Sources */ = {isa = PBXBuildFile; fileRef = 11D61A192778BAC5002D989E /* HomeViewController.swift */; };
		11D61A1C2778BAC5002D989E /* HomeViewController.xib in Resources */ = {isa = PBXBuildFile; fileRef = 11D61A1A2778BAC5002D989E /* HomeViewController.xib */; };
/* End PBXBuildFile section */

/* Begin PBXFileReference section */
		1108E26A2779BD2C004E0C19 /* RequestModel.swift */ = {isa = PBXFileReference; lastKnownFileType = sourcecode.swift; path = RequestModel.swift; sourceTree = "<group>"; };
		11CD359E2778C5C9000FDE02 /* FieldViewController.swift */ = {isa = PBXFileReference; lastKnownFileType = sourcecode.swift; path = FieldViewController.swift; sourceTree = "<group>"; };
		11CD359F2778C5C9000FDE02 /* FieldViewController.xib */ = {isa = PBXFileReference; lastKnownFileType = file.xib; path = FieldViewController.xib; sourceTree = "<group>"; };
		11CD35A52778CBF9000FDE02 /* FieldViewModel.swift */ = {isa = PBXFileReference; lastKnownFileType = sourcecode.swift; path = FieldViewModel.swift; sourceTree = "<group>"; };
		11CD35A82778CDF9000FDE02 /* UIViewController+.swift */ = {isa = PBXFileReference; lastKnownFileType = sourcecode.swift; path = "UIViewController+.swift"; sourceTree = "<group>"; };
		11CD35AE2778D3B4000FDE02 /* NumberTableViewCell.swift */ = {isa = PBXFileReference; lastKnownFileType = sourcecode.swift; path = NumberTableViewCell.swift; sourceTree = "<group>"; };
		11CD35AF2778D3B4000FDE02 /* NumberTableViewCell.xib */ = {isa = PBXFileReference; lastKnownFileType = file.xib; path = NumberTableViewCell.xib; sourceTree = "<group>"; };
		11D61A022778B153002D989E /* MVVMDemo.app */ = {isa = PBXFileReference; explicitFileType = wrapper.application; includeInIndex = 0; path = MVVMDemo.app; sourceTree = BUILT_PRODUCTS_DIR; };
		11D61A052778B153002D989E /* AppDelegate.swift */ = {isa = PBXFileReference; lastKnownFileType = sourcecode.swift; path = AppDelegate.swift; sourceTree = "<group>"; };
		11D61A072778B153002D989E /* SceneDelegate.swift */ = {isa = PBXFileReference; lastKnownFileType = sourcecode.swift; path = SceneDelegate.swift; sourceTree = "<group>"; };
		11D61A0E2778B155002D989E /* Assets.xcassets */ = {isa = PBXFileReference; lastKnownFileType = folder.assetcatalog; path = Assets.xcassets; sourceTree = "<group>"; };
		11D61A112778B155002D989E /* Base */ = {isa = PBXFileReference; lastKnownFileType = file.storyboard; name = Base; path = Base.lproj/LaunchScreen.storyboard; sourceTree = "<group>"; };
		11D61A132778B155002D989E /* Info.plist */ = {isa = PBXFileReference; lastKnownFileType = text.plist.xml; path = Info.plist; sourceTree = "<group>"; };
		11D61A192778BAC5002D989E /* HomeViewController.swift */ = {isa = PBXFileReference; lastKnownFileType = sourcecode.swift; path = HomeViewController.swift; sourceTree = "<group>"; };
		11D61A1A2778BAC5002D989E /* HomeViewController.xib */ = {isa = PBXFileReference; lastKnownFileType = file.xib; path = HomeViewController.xib; sourceTree = "<group>"; };
/* End PBXFileReference section */

/* Begin PBXFrameworksBuildPhase section */
		11D619FF2778B153002D989E /* Frameworks */ = {
			isa = PBXFrameworksBuildPhase;
			buildActionMask = 2147483647;
			files = (
			);
			runOnlyForDeploymentPostprocessing = 0;
		};
/* End PBXFrameworksBuildPhase section */

/* Begin PBXGroup section */
		1108E26C2779BD30004E0C19 /* Models */ = {
			isa = PBXGroup;
			children = (
				1108E26A2779BD2C004E0C19 /* RequestModel.swift */,
			);
			path = Models;
			sourceTree = "<group>";
		};
		11CD35982778C036000FDE02 /* Utilites */ = {
			isa = PBXGroup;
			children = (
				11CD35992778C053000FDE02 /* AppDelegates */,
				11CD35A72778CDE4000FDE02 /* Materials */,
				11CD35AA2778CDFD000FDE02 /* Extensions */,
			);
			path = Utilites;
			sourceTree = "<group>";
		};
		11CD35992778C053000FDE02 /* AppDelegates */ = {
			isa = PBXGroup;
			children = (
				11D61A052778B153002D989E /* AppDelegate.swift */,
				11D61A072778B153002D989E /* SceneDelegate.swift */,
			);
			path = AppDelegates;
			sourceTree = "<group>";
		};
		11CD359A2778C190000FDE02 /* Home */ = {
			isa = PBXGroup;
			children = (
				11CD359B2778C1A1000FDE02 /* Views */,
			);
			path = Home;
			sourceTree = "<group>";
		};
		11CD359B2778C1A1000FDE02 /* Views */ = {
			isa = PBXGroup;
			children = (
				11D61A192778BAC5002D989E /* HomeViewController.swift */,
				11D61A1A2778BAC5002D989E /* HomeViewController.xib */,
			);
			path = Views;
			sourceTree = "<group>";
		};
		11CD35A32778C601000FDE02 /* Field */ = {
			isa = PBXGroup;
			children = (
				11CD35A42778CBE7000FDE02 /* Views */,
			);
			path = Field;
			sourceTree = "<group>";
		};
		11CD35A42778CBE7000FDE02 /* Views */ = {
			isa = PBXGroup;
			children = (
				11CD359E2778C5C9000FDE02 /* FieldViewController.swift */,
				11CD359F2778C5C9000FDE02 /* FieldViewController.xib */,
				11CD35AD2778D06D000FDE02 /* Cells */,
			);
			path = Views;
			sourceTree = "<group>";
		};
		11CD35A72778CDE4000FDE02 /* Materials */ = {
			isa = PBXGroup;
			children = (
				11D61A0E2778B155002D989E /* Assets.xcassets */,
				11D61A102778B155002D989E /* LaunchScreen.storyboard */,
			);
			path = Materials;
			sourceTree = "<group>";
		};
		11CD35AA2778CDFD000FDE02 /* Extensions */ = {
			isa = PBXGroup;
			children = (
				11CD35A82778CDF9000FDE02 /* UIViewController+.swift */,
			);
			path = Extensions;
			sourceTree = "<group>";
		};
		11CD35AD2778D06D000FDE02 /* Cells */ = {
			isa = PBXGroup;
			children = (
				11CD35AE2778D3B4000FDE02 /* NumberTableViewCell.swift */,
				11CD35AF2778D3B4000FDE02 /* NumberTableViewCell.xib */,
			);
			path = Cells;
			sourceTree = "<group>";
		};
		11D619F92778B153002D989E = {
			isa = PBXGroup;
			children = (
				11D61A042778B153002D989E /* MVVMDemo */,
				11D61A032778B153002D989E /* Products */,
			);
			sourceTree = "<group>";
		};
		11D61A032778B153002D989E /* Products */ = {
			isa = PBXGroup;
			children = (
				11D61A022778B153002D989E /* MVVMDemo.app */,
			);
			name = Products;
			sourceTree = "<group>";
		};
		11D61A042778B153002D989E /* MVVMDemo */ = {
			isa = PBXGroup;
			children = (
				11D61A132778B155002D989E /* Info.plist */,
				1108E26C2779BD30004E0C19 /* Models */,
				11D61A1D2778BACD002D989E /* ViewModels */,
				11CD35982778C036000FDE02 /* Utilites */,
			);
			path = MVVMDemo;
			sourceTree = "<group>";
		};
		11D61A1D2778BACD002D989E /* ViewModels */ = {
			isa = PBXGroup;
			children = (
				11CD35A52778CBF9000FDE02 /* FieldViewModel.swift */,
				11CD35A32778C601000FDE02 /* Field */,
				11CD359A2778C190000FDE02 /* Home */,
			);
			path = ViewModels;
			sourceTree = "<group>";
		};
/* End PBXGroup section */

/* Begin PBXNativeTarget section */
		11D61A012778B153002D989E /* MVVMDemo */ = {
			isa = PBXNativeTarget;
			buildConfigurationList = 11D61A162778B155002D989E /* Build configuration list for PBXNativeTarget "MVVMDemo" */;
			buildPhases = (
				11D619FE2778B153002D989E /* Sources */,
				11D619FF2778B153002D989E /* Frameworks */,
				11D61A002778B153002D989E /* Resources */,
			);
			buildRules = (
			);
			dependencies = (
			);
			name = MVVMDemo;
			productName = MVVMDemo;
			productReference = 11D61A022778B153002D989E /* MVVMDemo.app */;
			productType = "com.apple.product-type.application";
		};
/* End PBXNativeTarget section */

/* Begin PBXProject section */
		11D619FA2778B153002D989E /* Project object */ = {
			isa = PBXProject;
			attributes = {
				BuildIndependentTargetsInParallel = 1;
				LastSwiftUpdateCheck = 1320;
				LastUpgradeCheck = 1320;
				TargetAttributes = {
					11D61A012778B153002D989E = {
						CreatedOnToolsVersion = 13.2.1;
					};
				};
			};
			buildConfigurationList = 11D619FD2778B153002D989E /* Build configuration list for PBXProject "MVVMDemo" */;
			compatibilityVersion = "Xcode 13.0";
			developmentRegion = en;
			hasScannedForEncodings = 0;
			knownRegions = (
				en,
				Base,
			);
			mainGroup = 11D619F92778B153002D989E;
			productRefGroup = 11D61A032778B153002D989E /* Products */;
			projectDirPath = "";
			projectRoot = "";
			targets = (
				11D61A012778B153002D989E /* MVVMDemo */,
			);
		};
/* End PBXProject section */

/* Begin PBXResourcesBuildPhase section */
		11D61A002778B153002D989E /* Resources */ = {
			isa = PBXResourcesBuildPhase;
			buildActionMask = 2147483647;
			files = (
				11D61A122778B155002D989E /* LaunchScreen.storyboard in Resources */,
				11D61A0F2778B155002D989E /* Assets.xcassets in Resources */,
				11D61A1C2778BAC5002D989E /* HomeViewController.xib in Resources */,
				11CD35A12778C5C9000FDE02 /* FieldViewController.xib in Resources */,
				11CD35B12778D3B4000FDE02 /* NumberTableViewCell.xib in Resources */,
			);
			runOnlyForDeploymentPostprocessing = 0;
		};
/* End PBXResourcesBuildPhase section */

/* Begin PBXSourcesBuildPhase section */
		11D619FE2778B153002D989E /* Sources */ = {
			isa = PBXSourcesBuildPhase;
			buildActionMask = 2147483647;
			files = (
				11CD35B02778D3B4000FDE02 /* NumberTableViewCell.swift in Sources */,
				11CD35A92778CDF9000FDE02 /* UIViewController+.swift in Sources */,
				11D61A062778B153002D989E /* AppDelegate.swift in Sources */,
				11D61A082778B153002D989E /* SceneDelegate.swift in Sources */,
				11CD35A02778C5C9000FDE02 /* FieldViewController.swift in Sources */,
				11D61A1B2778BAC5002D989E /* HomeViewController.swift in Sources */,
				11CD35A62778CBF9000FDE02 /* FieldViewModel.swift in Sources */,
				1108E26B2779BD2C004E0C19 /* RequestModel.swift in Sources */,
			);
			runOnlyForDeploymentPostprocessing = 0;
		};
/* End PBXSourcesBuildPhase section */

/* Begin PBXVariantGroup section */
		11D61A102778B155002D989E /* LaunchScreen.storyboard */ = {
			isa = PBXVariantGroup;
			children = (
				11D61A112778B155002D989E /* Base */,
			);
			name = LaunchScreen.storyboard;
			sourceTree = "<group>";
		};
/* End PBXVariantGroup section */

/* Begin XCBuildConfiguration section */
		11D61A142778B155002D989E /* Debug */ = {
			isa = XCBuildConfiguration;
			buildSettings = {
				ALWAYS_SEARCH_USER_PATHS = NO;
				CLANG_ANALYZER_NONNULL = YES;
				CLANG_ANALYZER_NUMBER_OBJECT_CONVERSION = YES_AGGRESSIVE;
				CLANG_CXX_LANGUAGE_STANDARD = "gnu++17";
				CLANG_CXX_LIBRARY = "libc++";
				CLANG_ENABLE_MODULES = YES;
				CLANG_ENABLE_OBJC_ARC = YES;
				CLANG_ENABLE_OBJC_WEAK = YES;
				CLANG_WARN_BLOCK_CAPTURE_AUTORELEASING = YES;
				CLANG_WARN_BOOL_CONVERSION = YES;
				CLANG_WARN_COMMA = YES;
				CLANG_WARN_CONSTANT_CONVERSION = YES;
				CLANG_WARN_DEPRECATED_OBJC_IMPLEMENTATIONS = YES;
				CLANG_WARN_DIRECT_OBJC_ISA_USAGE = YES_ERROR;
				CLANG_WARN_DOCUMENTATION_COMMENTS = YES;
				CLANG_WARN_EMPTY_BODY = YES;
				CLANG_WARN_ENUM_CONVERSION = YES;
				CLANG_WARN_INFINITE_RECURSION = YES;
				CLANG_WARN_INT_CONVERSION = YES;
				CLANG_WARN_NON_LITERAL_NULL_CONVERSION = YES;
				CLANG_WARN_OBJC_IMPLICIT_RETAIN_SELF = YES;
				CLANG_WARN_OBJC_LITERAL_CONVERSION = YES;
				CLANG_WARN_OBJC_ROOT_CLASS = YES_ERROR;
				CLANG_WARN_QUOTED_INCLUDE_IN_FRAMEWORK_HEADER = YES;
				CLANG_WARN_RANGE_LOOP_ANALYSIS = YES;
				CLANG_WARN_STRICT_PROTOTYPES = YES;
				CLANG_WARN_SUSPICIOUS_MOVE = YES;
				CLANG_WARN_UNGUARDED_AVAILABILITY = YES_AGGRESSIVE;
				CLANG_WARN_UNREACHABLE_CODE = YES;
				CLANG_WARN__DUPLICATE_METHOD_MATCH = YES;
				COPY_PHASE_STRIP = NO;
				DEBUG_INFORMATION_FORMAT = dwarf;
				ENABLE_STRICT_OBJC_MSGSEND = YES;
				ENABLE_TESTABILITY = YES;
				GCC_C_LANGUAGE_STANDARD = gnu11;
				GCC_DYNAMIC_NO_PIC = NO;
				GCC_NO_COMMON_BLOCKS = YES;
				GCC_OPTIMIZATION_LEVEL = 0;
				GCC_PREPROCESSOR_DEFINITIONS = (
					"DEBUG=1",
					"$(inherited)",
				);
				GCC_WARN_64_TO_32_BIT_CONVERSION = YES;
				GCC_WARN_ABOUT_RETURN_TYPE = YES_ERROR;
				GCC_WARN_UNDECLARED_SELECTOR = YES;
				GCC_WARN_UNINITIALIZED_AUTOS = YES_AGGRESSIVE;
				GCC_WARN_UNUSED_FUNCTION = YES;
				GCC_WARN_UNUSED_VARIABLE = YES;
				IPHONEOS_DEPLOYMENT_TARGET = 15.2;
				MTL_ENABLE_DEBUG_INFO = INCLUDE_SOURCE;
				MTL_FAST_MATH = YES;
				ONLY_ACTIVE_ARCH = YES;
				SDKROOT = iphoneos;
				SWIFT_ACTIVE_COMPILATION_CONDITIONS = DEBUG;
				SWIFT_OPTIMIZATION_LEVEL = "-Onone";
			};
			name = Debug;
		};
		11D61A152778B155002D989E /* Release */ = {
			isa = XCBuildConfiguration;
			buildSettings = {
				ALWAYS_SEARCH_USER_PATHS = NO;
				CLANG_ANALYZER_NONNULL = YES;
				CLANG_ANALYZER_NUMBER_OBJECT_CONVERSION = YES_AGGRESSIVE;
				CLANG_CXX_LANGUAGE_STANDARD = "gnu++17";
				CLANG_CXX_LIBRARY = "libc++";
				CLANG_ENABLE_MODULES = YES;
				CLANG_ENABLE_OBJC_ARC = YES;
				CLANG_ENABLE_OBJC_WEAK = YES;
				CLANG_WARN_BLOCK_CAPTURE_AUTORELEASING = YES;
				CLANG_WARN_BOOL_CONVERSION = YES;
				CLANG_WARN_COMMA = YES;
				CLANG_WARN_CONSTANT_CONVERSION = YES;
				CLANG_WARN_DEPRECATED_OBJC_IMPLEMENTATIONS = YES;
				CLANG_WARN_DIRECT_OBJC_ISA_USAGE = YES_ERROR;
				CLANG_WARN_DOCUMENTATION_COMMENTS = YES;
				CLANG_WARN_EMPTY_BODY = YES;
				CLANG_WARN_ENUM_CONVERSION = YES;
				CLANG_WARN_INFINITE_RECURSION = YES;
				CLANG_WARN_INT_CONVERSION = YES;
				CLANG_WARN_NON_LITERAL_NULL_CONVERSION = YES;
				CLANG_WARN_OBJC_IMPLICIT_RETAIN_SELF = YES;
				CLANG_WARN_OBJC_LITERAL_CONVERSION = YES;
				CLANG_WARN_OBJC_ROOT_CLASS = YES_ERROR;
				CLANG_WARN_QUOTED_INCLUDE_IN_FRAMEWORK_HEADER = YES;
				CLANG_WARN_RANGE_LOOP_ANALYSIS = YES;
				CLANG_WARN_STRICT_PROTOTYPES = YES;
				CLANG_WARN_SUSPICIOUS_MOVE = YES;
				CLANG_WARN_UNGUARDED_AVAILABILITY = YES_AGGRESSIVE;
				CLANG_WARN_UNREACHABLE_CODE = YES;
				CLANG_WARN__DUPLICATE_METHOD_MATCH = YES;
				COPY_PHASE_STRIP = NO;
				DEBUG_INFORMATION_FORMAT = "dwarf-with-dsym";
				ENABLE_NS_ASSERTIONS = NO;
				ENABLE_STRICT_OBJC_MSGSEND = YES;
				GCC_C_LANGUAGE_STANDARD = gnu11;
				GCC_NO_COMMON_BLOCKS = YES;
				GCC_WARN_64_TO_32_BIT_CONVERSION = YES;
				GCC_WARN_ABOUT_RETURN_TYPE = YES_ERROR;
				GCC_WARN_UNDECLARED_SELECTOR = YES;
				GCC_WARN_UNINITIALIZED_AUTOS = YES_AGGRESSIVE;
				GCC_WARN_UNUSED_FUNCTION = YES;
				GCC_WARN_UNUSED_VARIABLE = YES;
				IPHONEOS_DEPLOYMENT_TARGET = 15.2;
				MTL_ENABLE_DEBUG_INFO = NO;
				MTL_FAST_MATH = YES;
				SDKROOT = iphoneos;
				SWIFT_COMPILATION_MODE = wholemodule;
				SWIFT_OPTIMIZATION_LEVEL = "-O";
				VALIDATE_PRODUCT = YES;
			};
			name = Release;
		};
		11D61A172778B155002D989E /* Debug */ = {
			isa = XCBuildConfiguration;
			buildSettings = {
				ASSETCATALOG_COMPILER_APPICON_NAME = AppIcon;
				ASSETCATALOG_COMPILER_GLOBAL_ACCENT_COLOR_NAME = AccentColor;
				CODE_SIGN_STYLE = Automatic;
				CURRENT_PROJECT_VERSION = 1;
				DEVELOPMENT_TEAM = 2ADUH9ZZXY;
				GENERATE_INFOPLIST_FILE = YES;
				INFOPLIST_FILE = MVVMDemo/Info.plist;
				INFOPLIST_KEY_UIApplicationSupportsIndirectInputEvents = YES;
				INFOPLIST_KEY_UILaunchStoryboardName = LaunchScreen;
				INFOPLIST_KEY_UISupportedInterfaceOrientations_iPad = "UIInterfaceOrientationPortrait UIInterfaceOrientationPortraitUpsideDown UIInterfaceOrientationLandscapeLeft UIInterfaceOrientationLandscapeRight";
				INFOPLIST_KEY_UISupportedInterfaceOrientations_iPhone = "UIInterfaceOrientationPortrait UIInterfaceOrientationLandscapeLeft UIInterfaceOrientationLandscapeRight";
				IPHONEOS_DEPLOYMENT_TARGET = 15.0;
				LD_RUNPATH_SEARCH_PATHS = (
					"$(inherited)",
					"@executable_path/Frameworks",
				);
				MARKETING_VERSION = 1.0;
				PRODUCT_BUNDLE_IDENTIFIER = daniel.MVVMDemo;
				PRODUCT_NAME = "$(TARGET_NAME)";
				SWIFT_EMIT_LOC_STRINGS = YES;
				SWIFT_VERSION = 5.0;
				TARGETED_DEVICE_FAMILY = 1;
			};
			name = Debug;
		};
		11D61A182778B155002D989E /* Release */ = {
			isa = XCBuildConfiguration;
			buildSettings = {
				ASSETCATALOG_COMPILER_APPICON_NAME = AppIcon;
				ASSETCATALOG_COMPILER_GLOBAL_ACCENT_COLOR_NAME = AccentColor;
				CODE_SIGN_STYLE = Automatic;
				CURRENT_PROJECT_VERSION = 1;
				DEVELOPMENT_TEAM = 2ADUH9ZZXY;
				GENERATE_INFOPLIST_FILE = YES;
				INFOPLIST_FILE = MVVMDemo/Info.plist;
				INFOPLIST_KEY_UIApplicationSupportsIndirectInputEvents = YES;
				INFOPLIST_KEY_UILaunchStoryboardName = LaunchScreen;
				INFOPLIST_KEY_UISupportedInterfaceOrientations_iPad = "UIInterfaceOrientationPortrait UIInterfaceOrientationPortraitUpsideDown UIInterfaceOrientationLandscapeLeft UIInterfaceOrientationLandscapeRight";
				INFOPLIST_KEY_UISupportedInterfaceOrientations_iPhone = "UIInterfaceOrientationPortrait UIInterfaceOrientationLandscapeLeft UIInterfaceOrientationLandscapeRight";
				IPHONEOS_DEPLOYMENT_TARGET = 15.0;
				LD_RUNPATH_SEARCH_PATHS = (
					"$(inherited)",
					"@executable_path/Frameworks",
				);
				MARKETING_VERSION = 1.0;
				PRODUCT_BUNDLE_IDENTIFIER = daniel.MVVMDemo;
				PRODUCT_NAME = "$(TARGET_NAME)";
				SWIFT_EMIT_LOC_STRINGS = YES;
				SWIFT_VERSION = 5.0;
				TARGETED_DEVICE_FAMILY = 1;
			};
			name = Release;
		};
/* End XCBuildConfiguration section */

/* Begin XCConfigurationList section */
		11D619FD2778B153002D989E /* Build configuration list for PBXProject "MVVMDemo" */ = {
			isa = XCConfigurationList;
			buildConfigurations = (
				11D61A142778B155002D989E /* Debug */,
				11D61A152778B155002D989E /* Release */,
			);
			defaultConfigurationIsVisible = 0;
			defaultConfigurationName = Release;
		};
		11D61A162778B155002D989E /* Build configuration list for PBXNativeTarget "MVVMDemo" */ = {
			isa = XCConfigurationList;
			buildConfigurations = (
				11D61A172778B155002D989E /* Debug */,
				11D61A182778B155002D989E /* Release */,
			);
			defaultConfigurationIsVisible = 0;
			defaultConfigurationName = Release;
		};
/* End XCConfigurationList section */
	};
	rootObject = 11D619FA2778B153002D989E /* Project object */;
}
